
Microsoft Visual Studio Solution File, Format Version 12.00
# Visual Studio Version 17
VisualStudioVersion = 17.0.31912.275
MinimumVisualStudioVersion = 10.0.40219.1
Project("{9A19103F-16F7-4668-BE54-9A1E7A4F7556}") = "Crypto Stock Allert System", "Crypto Stock Allert System\Crypto Stock Allert System.csproj", "{DEFDB79B-ED45-488B-9E0A-20D86F743950}"
EndProject
Project("{9A19103F-16F7-4668-BE54-9A1E7A4F7556}") = "Allert Logic", "Allert Logic\Allert Logic.csproj", "{A57A49AE-8343-4899-B667-466A82528E72}"
EndProject
Project("{9A19103F-16F7-4668-BE54-9A1E7A4F7556}") = "ApiModel", "ApiModel\ApiModel.csproj", "{138CCAD9-E6A9-4D9E-B4AB-04908D589260}"
EndProject
Project("{FAE04EC0-301F-11D3-BF4B-00C04F79EFBC}") = "DeskApp", "DeskApp\DeskApp.csproj", "{8FAC8977-345C-4E16-A54C-ABE341DAB79A}"
EndProject
Global
	GlobalSection(SolutionConfigurationPlatforms) = preSolution
		Debug|Any CPU = Debug|Any CPU
		Release|Any CPU = Release|Any CPU
	EndGlobalSection
	GlobalSection(ProjectConfigurationPlatforms) = postSolution
		{DEFDB79B-ED45-488B-9E0A-20D86F743950}.Debug|Any CPU.ActiveCfg = Debug|Any CPU
		{DEFDB79B-ED45-488B-9E0A-20D86F743950}.Debug|Any CPU.Build.0 = Debug|Any CPU
		{DEFDB79B-ED45-488B-9E0A-20D86F743950}.Release|Any CPU.ActiveCfg = Release|Any CPU
		{DEFDB79B-ED45-488B-9E0A-20D86F743950}.Release|Any CPU.Build.0 = Release|Any CPU
		{A57A49AE-8343-4899-B667-466A82528E72}.Debug|Any CPU.ActiveCfg = Debug|Any CPU
		{A57A49AE-8343-4899-B667-466A82528E72}.Debug|Any CPU.Build.0 = Debug|Any CPU
		{A57A49AE-8343-4899-B667-466A82528E72}.Release|Any CPU.ActiveCfg = Release|Any CPU
		{A57A49AE-8343-4899-B667-466A82528E72}.Release|Any CPU.Build.0 = Release|Any CPU
		{138CCAD9-E6A9-4D9E-B4AB-04908D589260}.Debug|Any CPU.ActiveCfg = Debug|Any CPU
		{138CCAD9-E6A9-4D9E-B4AB-04908D589260}.Debug|Any CPU.Build.0 = Debug|Any CPU
		{138CCAD9-E6A9-4D9E-B4AB-04908D589260}.Release|Any CPU.ActiveCfg = Release|Any CPU
		{138CCAD9-E6A9-4D9E-B4AB-04908D589260}.Release|Any CPU.Build.0 = Release|Any CPU
		{8FAC8977-345C-4E16-A54C-ABE341DAB79A}.Debug|Any CPU.ActiveCfg = Debug|Any CPU
		{8FAC8977-345C-4E16-A54C-ABE341DAB79A}.Debug|Any CPU.Build.0 = Debug|Any CPU
		{8FAC8977-345C-4E16-A54C-ABE341DAB79A}.Release|Any CPU.ActiveCfg = Release|Any CPU
		{8FAC8977-345C-4E16-A54C-ABE341DAB79A}.Release|Any CPU.Build.0 = Release|Any CPU
	EndGlobalSection
	GlobalSection(SolutionProperties) = preSolution
		HideSolutionNode = FALSE
	EndGlobalSection
	GlobalSection(ExtensibilityGlobals) = postSolution
		SolutionGuid = {61A7668E-7AB8-4C22-863A-D0430F261FEA}
	EndGlobalSection
EndGlobal
